
Microsoft Visual Studio Solution File, Format Version 12.00
# Visual Studio 2015
Project("{FAE04EC0-301F-11D3-BF4B-00C04F79EFBC}") = "SAMP.Plugins", "SAMP.Plugins.csproj", "{502C0DE9-CE9E-D77F-8EAD-52A2B2287E86}"
EndProject
Project("{FAE04EC0-301F-11D3-BF4B-00C04F79EFBC}") = "SAMP", "SAMP.csproj", "{4473713E-F49E-A76B-A4CE-2668C8FA6C8E}"
EndProject
Project("{FAE04EC0-301F-11D3-BF4B-00C04F79EFBC}") = "SAMP.Editor", "SAMP.Editor.csproj", "{52DEC4F2-076E-631F-1509-51232ABC8060}"
EndProject
Global
	GlobalSection(SolutionConfigurationPlatforms) = preSolution
		Debug|Any CPU = Debug|Any CPU
		Release|Any CPU = Release|Any CPU
	EndGlobalSection
	GlobalSection(ProjectConfigurationPlatforms) = postSolution
		{502C0DE9-CE9E-D77F-8EAD-52A2B2287E86}.Debug|Any CPU.ActiveCfg = Debug|Any CPU
		{502C0DE9-CE9E-D77F-8EAD-52A2B2287E86}.Debug|Any CPU.Build.0 = Debug|Any CPU
		{502C0DE9-CE9E-D77F-8EAD-52A2B2287E86}.Release|Any CPU.ActiveCfg = Release|Any CPU
		{502C0DE9-CE9E-D77F-8EAD-52A2B2287E86}.Release|Any CPU.Build.0 = Release|Any CPU
		{4473713E-F49E-A76B-A4CE-2668C8FA6C8E}.Debug|Any CPU.ActiveCfg = Debug|Any CPU
		{4473713E-F49E-A76B-A4CE-2668C8FA6C8E}.Debug|Any CPU.Build.0 = Debug|Any CPU
		{4473713E-F49E-A76B-A4CE-2668C8FA6C8E}.Release|Any CPU.ActiveCfg = Release|Any CPU
		{4473713E-F49E-A76B-A4CE-2668C8FA6C8E}.Release|Any CPU.Build.0 = Release|Any CPU
		{52DEC4F2-076E-631F-1509-51232ABC8060}.Debug|Any CPU.ActiveCfg = Debug|Any CPU
		{52DEC4F2-076E-631F-1509-51232ABC8060}.Debug|Any CPU.Build.0 = Debug|Any CPU
		{52DEC4F2-076E-631F-1509-51232ABC8060}.Release|Any CPU.ActiveCfg = Release|Any CPU
		{52DEC4F2-076E-631F-1509-51232ABC8060}.Release|Any CPU.Build.0 = Release|Any CPU
	EndGlobalSection
	GlobalSection(SolutionProperties) = preSolution
		HideSolutionNode = FALSE
	EndGlobalSection
EndGlobal
