Microsoft Visual Studio Solution File, Format Version 11.00
# Visual Studio 2008

Project("{E2EF0AC7-EB9B-87CC-E413-39C325CC7FD0}") = "SAMP", "Assembly-CSharp-firstpass.csproj", "{84AECD1C-74CC-3AE4-BCAC-B1848CC8AC8D}"
EndProject
Project("{E2EF0AC7-EB9B-87CC-E413-39C325CC7FD0}") = "SAMP", "Assembly-CSharp.csproj", "{0D2FCF9F-2F5A-A30E-313F-803E3491B168}"
EndProject
Project("{E2EF0AC7-EB9B-87CC-E413-39C325CC7FD0}") = "SAMP", "Assembly-CSharp-Editor.csproj", "{ACFFBE8D-D0FC-AB5C-D481-2A57587D3DBB}"
EndProject
Global
	GlobalSection(SolutionConfigurationPlatforms) = preSolution
		Debug|Any CPU = Debug|Any CPU
		Release|Any CPU = Release|Any CPU
	EndGlobalSection
	GlobalSection(ProjectConfigurationPlatforms) = postSolution
		{84AECD1C-74CC-3AE4-BCAC-B1848CC8AC8D}.Debug|Any CPU.ActiveCfg = Debug|Any CPU
		{84AECD1C-74CC-3AE4-BCAC-B1848CC8AC8D}.Debug|Any CPU.Build.0 = Debug|Any CPU
		{84AECD1C-74CC-3AE4-BCAC-B1848CC8AC8D}.Release|Any CPU.ActiveCfg = Release|Any CPU
		{84AECD1C-74CC-3AE4-BCAC-B1848CC8AC8D}.Release|Any CPU.Build.0 = Release|Any CPU
		{0D2FCF9F-2F5A-A30E-313F-803E3491B168}.Debug|Any CPU.ActiveCfg = Debug|Any CPU
		{0D2FCF9F-2F5A-A30E-313F-803E3491B168}.Debug|Any CPU.Build.0 = Debug|Any CPU
		{0D2FCF9F-2F5A-A30E-313F-803E3491B168}.Release|Any CPU.ActiveCfg = Release|Any CPU
		{0D2FCF9F-2F5A-A30E-313F-803E3491B168}.Release|Any CPU.Build.0 = Release|Any CPU
		{ACFFBE8D-D0FC-AB5C-D481-2A57587D3DBB}.Debug|Any CPU.ActiveCfg = Debug|Any CPU
		{ACFFBE8D-D0FC-AB5C-D481-2A57587D3DBB}.Debug|Any CPU.Build.0 = Debug|Any CPU
		{ACFFBE8D-D0FC-AB5C-D481-2A57587D3DBB}.Release|Any CPU.ActiveCfg = Release|Any CPU
		{ACFFBE8D-D0FC-AB5C-D481-2A57587D3DBB}.Release|Any CPU.Build.0 = Release|Any CPU
	EndGlobalSection
	GlobalSection(SolutionProperties) = preSolution
		HideSolutionNode = FALSE
	EndGlobalSection
	GlobalSection(MonoDevelopProperties) = preSolution
		StartupItem = Assembly-CSharp.csproj
	EndGlobalSection
EndGlobal
